// !$*UTF8*$!
{
    archiveVersion = 1; classes = {}; objectVersion = 56;
    objects = {
AA55CF518FF2C2867D26E322 = { isa = PBXFileReference; lastKnownFileType = "sourcecode.swift"; path = "Core/PortalProfile.swift"; sourceTree = "<group>"; };
5DB7C7D86FF22B69A8C9A1F3 = { isa = PBXFileReference; lastKnownFileType = "sourcecode.swift"; path = "Core/PortalProtocol.swift"; sourceTree = "<group>"; };
0619AB546A64429261DF5D56 = { isa = PBXFileReference; lastKnownFileType = "sourcecode.swift"; path = "Core/Configuration.swift"; sourceTree = "<group>"; };
873F852165C4C4F1C4BAF37C = { isa = PBXFileReference; lastKnownFileType = "sourcecode.swift"; path = "Core/LoginPolicy.swift"; sourceTree = "<group>"; };
D48FAE87637229A4DE4A96BC = { isa = PBXFileReference; lastKnownFileType = "sourcecode.swift"; path = "App/Keychain.swift"; sourceTree = "<group>"; };
C4D425E186270F775617ED0B = { isa = PBXFileReference; lastKnownFileType = "sourcecode.swift"; path = "App/LocalNetwork.swift"; sourceTree = "<group>"; };
44DD6AAE0FA39796EBEA99AD = { isa = PBXFileReference; lastKnownFileType = "sourcecode.swift"; path = "App/CampusModel.swift"; sourceTree = "<group>"; };
CA7C55708D5974AE116887EC = { isa = PBXFileReference; lastKnownFileType = "sourcecode.swift"; path = "App/ContentView.swift"; sourceTree = "<group>"; };
CAEC47676801FC6A407CBDA8 = { isa = PBXFileReference; lastKnownFileType = "sourcecode.swift"; path = "App/CampusLoginApp.swift"; sourceTree = "<group>"; };
1825D3F15E879F91DF58FF36 = { isa = PBXFileReference; lastKnownFileType = "text.plist.xml"; path = "Config/iOS-Info.plist"; sourceTree = "<group>"; };
C431D49723920314B36F8A2A = { isa = PBXFileReference; lastKnownFileType = "text.plist.xml"; path = "Config/macOS-Info.plist"; sourceTree = "<group>"; };
CE3D4F6A7A349AC8E40C3427 = { isa = PBXFileReference; lastKnownFileType = "text.plist.xml"; path = "Config/macOS.entitlements"; sourceTree = "<group>"; };
B8FA18644A594FE11B39A425 = { isa = PBXFileReference; lastKnownFileType = "folder.assetcatalog"; path = "Resources/Assets.xcassets"; sourceTree = "<group>"; };
392BDC3F55CEC1885F16285B = { isa = PBXFileReference; lastKnownFileType = "text.plist.xml"; path = "Resources/PrivacyInfo.xcprivacy"; sourceTree = "<group>"; };
9FD9A21035C3179BC1DFA0D7 = { isa = PBXFileReference; explicitFileType = wrapper.application; includeInIndex = 0; path = CampusLogin.app; sourceTree = BUILT_PRODUCTS_DIR; };
607D8296D9BF91750328645F = { isa = PBXBuildFile; fileRef = AA55CF518FF2C2867D26E322; };
CDB4441394B7319C67B8D522 = { isa = PBXBuildFile; fileRef = 5DB7C7D86FF22B69A8C9A1F3; };
E30B983A9CF7EE5E5BEEDB1B = { isa = PBXBuildFile; fileRef = 0619AB546A64429261DF5D56; };
AD840220A3D5FA8239D39034 = { isa = PBXBuildFile; fileRef = 873F852165C4C4F1C4BAF37C; };
B44C2A73202B8C089FC6F885 = { isa = PBXBuildFile; fileRef = D48FAE87637229A4DE4A96BC; };
046F723FF9442777768A690F = { isa = PBXBuildFile; fileRef = C4D425E186270F775617ED0B; };
1D4E7D60F73ACFE941329D8E = { isa = PBXBuildFile; fileRef = 44DD6AAE0FA39796EBEA99AD; };
F3FD10B06186F3BF49A38C7A = { isa = PBXBuildFile; fileRef = CA7C55708D5974AE116887EC; };
14871DF6D6E045043043A433 = { isa = PBXBuildFile; fileRef = CAEC47676801FC6A407CBDA8; };
82AC1EE08DD89F6F32C93B15 = { isa = PBXBuildFile; fileRef = B8FA18644A594FE11B39A425; };
6E4A68072809F0C4F04ABDE6 = { isa = PBXBuildFile; fileRef = 392BDC3F55CEC1885F16285B; };
7E4E1594F5D3450C4F2B3EF7 = { isa = PBXSourcesBuildPhase; buildActionMask = 2147483647; files = (607D8296D9BF91750328645F,CDB4441394B7319C67B8D522,E30B983A9CF7EE5E5BEEDB1B,AD840220A3D5FA8239D39034,B44C2A73202B8C089FC6F885,046F723FF9442777768A690F,1D4E7D60F73ACFE941329D8E,F3FD10B06186F3BF49A38C7A,14871DF6D6E045043043A433); runOnlyForDeploymentPostprocessing = 0; };
49E1691F9D2768CC79D6E84D = { isa = PBXResourcesBuildPhase; buildActionMask = 2147483647; files = (82AC1EE08DD89F6F32C93B15,6E4A68072809F0C4F04ABDE6); runOnlyForDeploymentPostprocessing = 0; };
9C2E03D82C8852BC7E13EC46 = { isa = PBXFrameworksBuildPhase; buildActionMask = 2147483647; files = (); runOnlyForDeploymentPostprocessing = 0; };
B2049C5B98A535EE27D31058 = { isa = XCBuildConfiguration; buildSettings = {
            PRODUCT_NAME = "CampusLogin";
PRODUCT_BUNDLE_IDENTIFIER = "com.campuslogin.app.ios";
SWIFT_VERSION = "5.0";
MARKETING_VERSION = "1.0.5";
CURRENT_PROJECT_VERSION = "1";
CODE_SIGN_STYLE = "Automatic";
GENERATE_INFOPLIST_FILE = "NO";
INFOPLIST_FILE = "Config/iOS-Info.plist";
ASSETCATALOG_COMPILER_APPICON_NAME = "AppIcon";
SWIFT_OPTIMIZATION_LEVEL = "-Onone";
DEBUG_INFORMATION_FORMAT = "dwarf";
SWIFT_ACTIVE_COMPILATION_CONDITIONS = "DEBUG";
ENABLE_TESTABILITY = "YES";
ENABLE_USER_SCRIPT_SANDBOXING = "YES";
SDKROOT = "iphoneos";
SUPPORTED_PLATFORMS = "iphoneos iphonesimulator";
IPHONEOS_DEPLOYMENT_TARGET = "16.0";
TARGETED_DEVICE_FAMILY = "1,2";
SUPPORTS_MACCATALYST = "NO";
LD_RUNPATH_SEARCH_PATHS = "$(inherited) @executable_path/Frameworks";
        }; name = Debug; };
EDE4FC95A68FDB9FFC693BB4 = { isa = XCBuildConfiguration; buildSettings = {
            PRODUCT_NAME = "CampusLogin";
PRODUCT_BUNDLE_IDENTIFIER = "com.campuslogin.app.ios";
SWIFT_VERSION = "5.0";
MARKETING_VERSION = "1.0.5";
CURRENT_PROJECT_VERSION = "1";
CODE_SIGN_STYLE = "Automatic";
GENERATE_INFOPLIST_FILE = "NO";
INFOPLIST_FILE = "Config/iOS-Info.plist";
ASSETCATALOG_COMPILER_APPICON_NAME = "AppIcon";
SWIFT_OPTIMIZATION_LEVEL = "-O";
DEBUG_INFORMATION_FORMAT = "dwarf-with-dsym";
SWIFT_ACTIVE_COMPILATION_CONDITIONS = "";
ENABLE_TESTABILITY = "NO";
ENABLE_USER_SCRIPT_SANDBOXING = "YES";
SDKROOT = "iphoneos";
SUPPORTED_PLATFORMS = "iphoneos iphonesimulator";
IPHONEOS_DEPLOYMENT_TARGET = "16.0";
TARGETED_DEVICE_FAMILY = "1,2";
SUPPORTS_MACCATALYST = "NO";
LD_RUNPATH_SEARCH_PATHS = "$(inherited) @executable_path/Frameworks";
        }; name = Release; };
A78C298CD96C1EDCDA4D457A = { isa = XCConfigurationList; buildConfigurations = (B2049C5B98A535EE27D31058,EDE4FC95A68FDB9FFC693BB4); defaultConfigurationIsVisible = 0; defaultConfigurationName = Release; };
67681DD7256373AE6DDFFE4B = { isa = PBXNativeTarget; name = "CampusLogin-iOS"; productName = CampusLogin;
        productReference = 9FD9A21035C3179BC1DFA0D7; productType = "com.apple.product-type.application";
        buildConfigurationList = A78C298CD96C1EDCDA4D457A;
        buildPhases = (7E4E1594F5D3450C4F2B3EF7, 9C2E03D82C8852BC7E13EC46, 49E1691F9D2768CC79D6E84D);
        buildRules = (); dependencies = (); };
1BD4F3FF6530441628471663 = { isa = PBXFileReference; explicitFileType = wrapper.application; includeInIndex = 0; path = CampusLogin.app; sourceTree = BUILT_PRODUCTS_DIR; };
2C85BB1B935A05C2F0312B6C = { isa = PBXBuildFile; fileRef = AA55CF518FF2C2867D26E322; };
F724D7077028AFD117BC9921 = { isa = PBXBuildFile; fileRef = 5DB7C7D86FF22B69A8C9A1F3; };
BA23C86C8DBA50D9021BB299 = { isa = PBXBuildFile; fileRef = 0619AB546A64429261DF5D56; };
4FCD5EB4BD9869A72D6D6211 = { isa = PBXBuildFile; fileRef = 873F852165C4C4F1C4BAF37C; };
DCA42E7F8A7D7AC6C8A046A4 = { isa = PBXBuildFile; fileRef = D48FAE87637229A4DE4A96BC; };
617E88B1915823819E669F2E = { isa = PBXBuildFile; fileRef = C4D425E186270F775617ED0B; };
43B65DDDE2EECB2C64D10925 = { isa = PBXBuildFile; fileRef = 44DD6AAE0FA39796EBEA99AD; };
B48B5B9BAA126D26C0B00EAF = { isa = PBXBuildFile; fileRef = CA7C55708D5974AE116887EC; };
73E5D9D3E587F8F4681BC795 = { isa = PBXBuildFile; fileRef = CAEC47676801FC6A407CBDA8; };
B37A2936EA5DC7B60D453300 = { isa = PBXBuildFile; fileRef = B8FA18644A594FE11B39A425; };
2132B1590E7AC742C60AAEF9 = { isa = PBXBuildFile; fileRef = 392BDC3F55CEC1885F16285B; };
92363419FCDAEB7257A64274 = { isa = PBXSourcesBuildPhase; buildActionMask = 2147483647; files = (2C85BB1B935A05C2F0312B6C,F724D7077028AFD117BC9921,BA23C86C8DBA50D9021BB299,4FCD5EB4BD9869A72D6D6211,DCA42E7F8A7D7AC6C8A046A4,617E88B1915823819E669F2E,43B65DDDE2EECB2C64D10925,B48B5B9BAA126D26C0B00EAF,73E5D9D3E587F8F4681BC795); runOnlyForDeploymentPostprocessing = 0; };
95152642BEEA71EB86D658B7 = { isa = PBXResourcesBuildPhase; buildActionMask = 2147483647; files = (B37A2936EA5DC7B60D453300,2132B1590E7AC742C60AAEF9); runOnlyForDeploymentPostprocessing = 0; };
4438E8C98719B212BF61E1FB = { isa = PBXFrameworksBuildPhase; buildActionMask = 2147483647; files = (); runOnlyForDeploymentPostprocessing = 0; };
EE4D11315763088A383295A2 = { isa = XCBuildConfiguration; buildSettings = {
            PRODUCT_NAME = "CampusLogin";
PRODUCT_BUNDLE_IDENTIFIER = "com.campuslogin.app.macos";
SWIFT_VERSION = "5.0";
MARKETING_VERSION = "1.0.5";
CURRENT_PROJECT_VERSION = "1";
CODE_SIGN_STYLE = "Automatic";
GENERATE_INFOPLIST_FILE = "NO";
INFOPLIST_FILE = "Config/macOS-Info.plist";
ASSETCATALOG_COMPILER_APPICON_NAME = "MacIcon";
SWIFT_OPTIMIZATION_LEVEL = "-Onone";
DEBUG_INFORMATION_FORMAT = "dwarf";
SWIFT_ACTIVE_COMPILATION_CONDITIONS = "DEBUG";
ENABLE_TESTABILITY = "YES";
ENABLE_USER_SCRIPT_SANDBOXING = "YES";
SDKROOT = "macosx";
SUPPORTED_PLATFORMS = "macosx";
MACOSX_DEPLOYMENT_TARGET = "13.0";
CODE_SIGN_ENTITLEMENTS = "Config/macOS.entitlements";
ENABLE_HARDENED_RUNTIME = "YES";
COMBINE_HIDPI_IMAGES = "YES";
LD_RUNPATH_SEARCH_PATHS = "$(inherited) @executable_path/../Frameworks";
        }; name = Debug; };
2FB05DA3FAB534D1A982C3D8 = { isa = XCBuildConfiguration; buildSettings = {
            PRODUCT_NAME = "CampusLogin";
PRODUCT_BUNDLE_IDENTIFIER = "com.campuslogin.app.macos";
SWIFT_VERSION = "5.0";
MARKETING_VERSION = "1.0.5";
CURRENT_PROJECT_VERSION = "1";
CODE_SIGN_STYLE = "Automatic";
GENERATE_INFOPLIST_FILE = "NO";
INFOPLIST_FILE = "Config/macOS-Info.plist";
ASSETCATALOG_COMPILER_APPICON_NAME = "MacIcon";
SWIFT_OPTIMIZATION_LEVEL = "-O";
DEBUG_INFORMATION_FORMAT = "dwarf-with-dsym";
SWIFT_ACTIVE_COMPILATION_CONDITIONS = "";
ENABLE_TESTABILITY = "NO";
ENABLE_USER_SCRIPT_SANDBOXING = "YES";
SDKROOT = "macosx";
SUPPORTED_PLATFORMS = "macosx";
MACOSX_DEPLOYMENT_TARGET = "13.0";
CODE_SIGN_ENTITLEMENTS = "Config/macOS.entitlements";
ENABLE_HARDENED_RUNTIME = "YES";
COMBINE_HIDPI_IMAGES = "YES";
LD_RUNPATH_SEARCH_PATHS = "$(inherited) @executable_path/../Frameworks";
        }; name = Release; };
EE335425C021A54DBC7E322C = { isa = XCConfigurationList; buildConfigurations = (EE4D11315763088A383295A2,2FB05DA3FAB534D1A982C3D8); defaultConfigurationIsVisible = 0; defaultConfigurationName = Release; };
11B73290E14014E9497F3C60 = { isa = PBXNativeTarget; name = "CampusLogin-macOS"; productName = CampusLogin;
        productReference = 1BD4F3FF6530441628471663; productType = "com.apple.product-type.application";
        buildConfigurationList = EE335425C021A54DBC7E322C;
        buildPhases = (92363419FCDAEB7257A64274, 4438E8C98719B212BF61E1FB, 95152642BEEA71EB86D658B7);
        buildRules = (); dependencies = (); };
0A3E27B8CA818264D75C8D81 = { isa = PBXGroup; children = (9FD9A21035C3179BC1DFA0D7,1BD4F3FF6530441628471663); name = Products; sourceTree = "<group>"; };
0D6E4079E36703EBD37C0072 = { isa = PBXGroup; children = (AA55CF518FF2C2867D26E322,5DB7C7D86FF22B69A8C9A1F3,0619AB546A64429261DF5D56,873F852165C4C4F1C4BAF37C,D48FAE87637229A4DE4A96BC,C4D425E186270F775617ED0B,44DD6AAE0FA39796EBEA99AD,CA7C55708D5974AE116887EC,CAEC47676801FC6A407CBDA8,1825D3F15E879F91DF58FF36,C431D49723920314B36F8A2A,CE3D4F6A7A349AC8E40C3427,B8FA18644A594FE11B39A425,392BDC3F55CEC1885F16285B, 0A3E27B8CA818264D75C8D81); sourceTree = "<group>"; };
3CCE7051BAA1B8E65CDEECD3 = { isa = XCBuildConfiguration; buildSettings = { CLANG_ENABLE_MODULES = YES; CLANG_ENABLE_OBJC_ARC = YES; }; name = Debug; };
EB9B6A82A6FECD10C0E43155 = { isa = XCBuildConfiguration; buildSettings = { CLANG_ENABLE_MODULES = YES; CLANG_ENABLE_OBJC_ARC = YES; }; name = Release; };
76F8DEC3DFE0BDB465198890 = { isa = XCConfigurationList; buildConfigurations = (3CCE7051BAA1B8E65CDEECD3,EB9B6A82A6FECD10C0E43155); defaultConfigurationIsVisible = 0; defaultConfigurationName = Release; };
244210E48437B6556980A702 = { isa = PBXProject; attributes = { LastUpgradeCheck = 1600; BuildIndependentTargetsInParallel = YES; };
    buildConfigurationList = 76F8DEC3DFE0BDB465198890; compatibilityVersion = "Xcode 14.0";
    developmentRegion = "zh-Hans"; hasScannedForEncodings = 0; knownRegions = ("zh-Hans", en, Base);
    mainGroup = 0D6E4079E36703EBD37C0072; productRefGroup = 0A3E27B8CA818264D75C8D81; projectDirPath = ""; projectRoot = "";
    targets = (67681DD7256373AE6DDFFE4B,11B73290E14014E9497F3C60); };
}; rootObject = 244210E48437B6556980A702;
}
